<?xml version="1.0" encoding="utf-8"?>
<Project ToolsVersion="4.0" xmlns="http://schemas.microsoft.com/developer/msbuild/2003">
  <ItemGroup>
    <Filter Include="Source Files">
      <UniqueIdentifier>{4FC737F1-C7A5-4376-A066-2A32D752A2FF}</UniqueIdentifier>
      <Extensions>cpp;c;cc;cxx;def;odl;idl;hpj;bat;asm;asmx</Extensions>
    </Filter>
    <Filter Include="Header Files">
      <UniqueIdentifier>{93995380-89BD-4b04-88EB-625FBE52EBFB}</UniqueIdentifier>
      <Extensions>h;hh;hpp;hxx;hm;inl;inc;xsd</Extensions>
    </Filter>
    <Filter Include="Resource Files">
      <UniqueIdentifier>{67DA6AB6-F800-4c08-8B7A-83BB121AAD01}</UniqueIdentifier>
      <Extensions>rc;ico;cur;bmp;dlg;rc2;rct;bin;rgs;gif;jpg;jpeg;jpe;resx;tiff;tif;png;wav;mfcribbon-ms</Extensions>
    </Filter>
  </ItemGroup>
  <ItemGroup>
    <ClInclude Include="MiscStuff.h">
      <Filter>Header Files</Filter>
    </ClInclude>
    <ClInclude Include="NufxLib.h">
      <Filter>Header Files</Filter>
    </ClInclude>
    <ClInclude Include="NufxLibPriv.h">
      <Filter>Header Files</Filter>
    </ClInclude>
    <ClInclude Include="SysDefs.h">
      <Filter>Header Files</Filter>
    </ClInclude>
  </ItemGroup>
  <ItemGroup>
    <ClCompile Include="Archive.c">
      <Filter>Source Files</Filter>
    </ClCompile>
    <ClCompile Include="ArchiveIO.c">
      <Filter>Source Files</Filter>
    </ClCompile>
    <ClCompile Include="Bzip2.c">
      <Filter>Source Files</Filter>
    </ClCompile>
    <ClCompile Include="Compress.c">
      <Filter>Source Files</Filter>
    </ClCompile>
    <ClCompile Include="Crc16.c">
      <Filter>Source Files</Filter>
    </ClCompile>
    <ClCompile Include="Debug.c">
      <Filter>Source Files</Filter>
    </ClCompile>
    <ClCompile Include="Deferred.c">
      <Filter>Source Files</Filter>
    </ClCompile>
    <ClCompile Include="Deflate.c">
      <Filter>Source Files</Filter>
    </ClCompile>
    <ClCompile Include="Entry.c">
      <Filter>Source Files</Filter>
    </ClCompile>
    <ClCompile Include="Expand.c">
      <Filter>Source Files</Filter>
    </ClCompile>
    <ClCompile Include="FileIO.c">
      <Filter>Source Files</Filter>
    </ClCompile>
    <ClCompile Include="Funnel.c">
      <Filter>Source Files</Filter>
    </ClCompile>
    <ClCompile Include="Lzc.c">
      <Filter>Source Files</Filter>
    </ClCompile>
    <ClCompile Include="Lzw.c">
      <Filter>Source Files</Filter>
    </ClCompile>
    <ClCompile Include="MiscStuff.c">
      <Filter>Source Files</Filter>
    </ClCompile>
    <ClCompile Include="MiscUtils.c">
      <Filter>Source Files</Filter>
    </ClCompile>
    <ClCompile Include="Record.c">
      <Filter>Source Files</Filter>
    </ClCompile>
    <ClCompile Include="SourceSink.c">
      <Filter>Source Files</Filter>
    </ClCompile>
    <ClCompile Include="Squeeze.c">
      <Filter>Source Files</Filter>
    </ClCompile>
    <ClCompile Include="Thread.c">
      <Filter>Source Files</Filter>
    </ClCompile>
    <ClCompile Include="Value.c">
      <Filter>Source Files</Filter>
    </ClCompile>
    <ClCompile Include="Version.c">
      <Filter>Source Files</Filter>
    </ClCompile>
    <ClCompile Include="Charset.c">
      <Filter>Source Files</Filter>
    </ClCompile>
  </ItemGroup>
</Project>