<?xml version="1.0" encoding="utf-8"?>
<Project ToolsVersion="4.0" xmlns="http://schemas.microsoft.com/developer/msbuild/2003">
  <ItemGroup>
    <Filter Include="Source Files">
      <UniqueIdentifier>{fefd28d7-6bc3-4af5-8502-7fca7ada126d}</UniqueIdentifier>
      <Extensions>cpp;c;cxx;rc;def;r;odl;idl;hpj;bat</Extensions>
    </Filter>
    <Filter Include="Header Files">
      <UniqueIdentifier>{794a9ab6-1f33-46d5-9de1-86f39d5d73c8}</UniqueIdentifier>
      <Extensions>h;hpp;hxx;hm;inl</Extensions>
    </Filter>
  </ItemGroup>
  <ItemGroup>
    <ClInclude Include="CancelDialog.h">
      <Filter>Header Files</Filter>
    </ClInclude>
    <ClInclude Include="FaddenStd.h">
      <Filter>Header Files</Filter>
    </ClInclude>
    <ClInclude Include="ImageDataObject.h">
      <Filter>Header Files</Filter>
    </ClInclude>
    <ClInclude Include="Modeless.h">
      <Filter>Header Files</Filter>
    </ClInclude>
    <ClInclude Include="MyBitmapButton.h">
      <Filter>Header Files</Filter>
    </ClInclude>
    <ClInclude Include="MyDebug.h">
      <Filter>Header Files</Filter>
    </ClInclude>
    <ClInclude Include="MyDIBitmap.h">
      <Filter>Header Files</Filter>
    </ClInclude>
    <ClInclude Include="MyEdit.h">
      <Filter>Header Files</Filter>
    </ClInclude>
    <ClInclude Include="MySpinCtrl.h">
      <Filter>Header Files</Filter>
    </ClInclude>
    <ClInclude Include="PathName.h">
      <Filter>Header Files</Filter>
    </ClInclude>
    <ClInclude Include="Pidl.h">
      <Filter>Header Files</Filter>
    </ClInclude>
    <ClInclude Include="ProgressCancelDialog.h">
      <Filter>Header Files</Filter>
    </ClInclude>
    <ClInclude Include="SelectFilesDialog.h">
      <Filter>Header Files</Filter>
    </ClInclude>
    <ClInclude Include="SoundFile.h">
      <Filter>Header Files</Filter>
    </ClInclude>
    <ClInclude Include="StdAfx.h">
      <Filter>Header Files</Filter>
    </ClInclude>
    <ClInclude Include="Util.h">
      <Filter>Header Files</Filter>
    </ClInclude>
    <ClInclude Include="UtilLib.h">
      <Filter>Header Files</Filter>
    </ClInclude>
  </ItemGroup>
  <ItemGroup>
    <ClCompile Include="ImageDataObject.cpp">
      <Filter>Source Files</Filter>
    </ClCompile>
    <ClCompile Include="MyBitmapButton.cpp">
      <Filter>Source Files</Filter>
    </ClCompile>
    <ClCompile Include="MyDIBitmap.cpp">
      <Filter>Source Files</Filter>
    </ClCompile>
    <ClCompile Include="MyEdit.cpp">
      <Filter>Source Files</Filter>
    </ClCompile>
    <ClCompile Include="MySpinCtrl.cpp">
      <Filter>Source Files</Filter>
    </ClCompile>
    <ClCompile Include="PathName.cpp">
      <Filter>Source Files</Filter>
    </ClCompile>
    <ClCompile Include="Pidl.cpp">
      <Filter>Source Files</Filter>
    </ClCompile>
    <ClCompile Include="SelectFilesDialog.cpp">
      <Filter>Source Files</Filter>
    </ClCompile>
    <ClCompile Include="SoundFile.cpp">
      <Filter>Source Files</Filter>
    </ClCompile>
    <ClCompile Include="StdAfx.cpp">
      <Filter>Source Files</Filter>
    </ClCompile>
    <ClCompile Include="Util.cpp">
      <Filter>Source Files</Filter>
    </ClCompile>
    <ClCompile Include="MyDebug.cpp">
      <Filter>Source Files</Filter>
    </ClCompile>
  </ItemGroup>
</Project>