<?xml version="1.0" encoding="utf-8"?>
<Project ToolsVersion="4.0" xmlns="http://schemas.microsoft.com/developer/msbuild/2003">
  <ItemGroup>
    <Filter Include="Source Files">
      <UniqueIdentifier>{984accba-cc43-4851-bd52-b092640e3712}</UniqueIdentifier>
      <Extensions>cpp;c;cxx;rc;def;r;odl;idl;hpj;bat</Extensions>
    </Filter>
    <Filter Include="Header Files">
      <UniqueIdentifier>{428d1097-16b4-4347-9437-3a85c7f68ea7}</UniqueIdentifier>
      <Extensions>h;hpp;hxx;hm;inl</Extensions>
    </Filter>
  </ItemGroup>
  <ItemGroup>
    <ClInclude Include="AppleWorks.h">
      <Filter>Header Files</Filter>
    </ClInclude>
    <ClInclude Include="Asm.h">
      <Filter>Header Files</Filter>
    </ClInclude>
    <ClInclude Include="AWGS.h">
      <Filter>Header Files</Filter>
    </ClInclude>
    <ClInclude Include="BASIC.h">
      <Filter>Header Files</Filter>
    </ClInclude>
    <ClInclude Include="CPMFiles.h">
      <Filter>Header Files</Filter>
    </ClInclude>
    <ClInclude Include="Directory.h">
      <Filter>Header Files</Filter>
    </ClInclude>
    <ClInclude Include="Disasm.h">
      <Filter>Header Files</Filter>
    </ClInclude>
    <ClInclude Include="DoubleHiRes.h">
      <Filter>Header Files</Filter>
    </ClInclude>
    <ClInclude Include="HiRes.h">
      <Filter>Header Files</Filter>
    </ClInclude>
    <ClInclude Include="MacPaint.h">
      <Filter>Header Files</Filter>
    </ClInclude>
    <ClInclude Include="PascalFiles.h">
      <Filter>Header Files</Filter>
    </ClInclude>
    <ClInclude Include="PrintShop.h">
      <Filter>Header Files</Filter>
    </ClInclude>
    <ClInclude Include="Reformat.h">
      <Filter>Header Files</Filter>
    </ClInclude>
    <ClInclude Include="ReformatBase.h">
      <Filter>Header Files</Filter>
    </ClInclude>
    <ClInclude Include="ResourceFork.h">
      <Filter>Header Files</Filter>
    </ClInclude>
    <ClInclude Include="Simple.h">
      <Filter>Header Files</Filter>
    </ClInclude>
    <ClInclude Include="StdAfx.h">
      <Filter>Header Files</Filter>
    </ClInclude>
    <ClInclude Include="SuperHiRes.h">
      <Filter>Header Files</Filter>
    </ClInclude>
    <ClInclude Include="Teach.h">
      <Filter>Header Files</Filter>
    </ClInclude>
    <ClInclude Include="Text8.h">
      <Filter>Header Files</Filter>
    </ClInclude>
    <ClInclude Include="Charset.h">
      <Filter>Header Files</Filter>
    </ClInclude>
  </ItemGroup>
  <ItemGroup>
    <ClCompile Include="AppleWorks.cpp">
      <Filter>Source Files</Filter>
    </ClCompile>
    <ClCompile Include="Asm.cpp">
      <Filter>Source Files</Filter>
    </ClCompile>
    <ClCompile Include="AWGS.cpp">
      <Filter>Source Files</Filter>
    </ClCompile>
    <ClCompile Include="BASIC.cpp">
      <Filter>Source Files</Filter>
    </ClCompile>
    <ClCompile Include="CPMFiles.cpp">
      <Filter>Source Files</Filter>
    </ClCompile>
    <ClCompile Include="Directory.cpp">
      <Filter>Source Files</Filter>
    </ClCompile>
    <ClCompile Include="Disasm.cpp">
      <Filter>Source Files</Filter>
    </ClCompile>
    <ClCompile Include="DisasmTable.cpp">
      <Filter>Source Files</Filter>
    </ClCompile>
    <ClCompile Include="DoubleHiRes.cpp">
      <Filter>Source Files</Filter>
    </ClCompile>
    <ClCompile Include="DreamGrafix.cpp">
      <Filter>Source Files</Filter>
    </ClCompile>
    <ClCompile Include="HiRes.cpp">
      <Filter>Source Files</Filter>
    </ClCompile>
    <ClCompile Include="MacPaint.cpp">
      <Filter>Source Files</Filter>
    </ClCompile>
    <ClCompile Include="NiftyList.cpp">
      <Filter>Source Files</Filter>
    </ClCompile>
    <ClCompile Include="PascalFiles.cpp">
      <Filter>Source Files</Filter>
    </ClCompile>
    <ClCompile Include="PrintShop.cpp">
      <Filter>Source Files</Filter>
    </ClCompile>
    <ClCompile Include="Reformat.cpp">
      <Filter>Source Files</Filter>
    </ClCompile>
    <ClCompile Include="ReformatBase.cpp">
      <Filter>Source Files</Filter>
    </ClCompile>
    <ClCompile Include="ResourceFork.cpp">
      <Filter>Source Files</Filter>
    </ClCompile>
    <ClCompile Include="Simple.cpp">
      <Filter>Source Files</Filter>
    </ClCompile>
    <ClCompile Include="StdAfx.cpp">
      <Filter>Source Files</Filter>
    </ClCompile>
    <ClCompile Include="SuperHiRes.cpp">
      <Filter>Source Files</Filter>
    </ClCompile>
    <ClCompile Include="Teach.cpp">
      <Filter>Source Files</Filter>
    </ClCompile>
    <ClCompile Include="Text8.cpp">
      <Filter>Source Files</Filter>
    </ClCompile>
    <ClCompile Include="Charset.cpp">
      <Filter>Source Files</Filter>
    </ClCompile>
  </ItemGroup>
</Project>