<?xml version="1.0" encoding="utf-8"?>
<Project ToolsVersion="4.0" xmlns="http://schemas.microsoft.com/developer/msbuild/2003">
  <ItemGroup>
    <Filter Include="Source Files">
      <UniqueIdentifier>{2d85999b-987f-4814-9a1a-50647f99d4a7}</UniqueIdentifier>
      <Extensions>cpp;c;cxx;rc;def;r;odl;idl;hpj;bat</Extensions>
    </Filter>
    <Filter Include="Header Files">
      <UniqueIdentifier>{3de635b8-d8d0-4540-8bc6-f060838e8e8e}</UniqueIdentifier>
      <Extensions>h;hpp;hxx;hm;inl</Extensions>
    </Filter>
  </ItemGroup>
  <ItemGroup>
    <ClInclude Include="apple.h">
      <Filter>Header Files</Filter>
    </ClInclude>
    <ClInclude Include="block.h">
      <Filter>Header Files</Filter>
    </ClInclude>
    <ClInclude Include="btree.h">
      <Filter>Header Files</Filter>
    </ClInclude>
    <ClInclude Include="config.h">
      <Filter>Header Files</Filter>
    </ClInclude>
    <ClInclude Include="data.h">
      <Filter>Header Files</Filter>
    </ClInclude>
    <ClInclude Include="file.h">
      <Filter>Header Files</Filter>
    </ClInclude>
    <ClInclude Include="hfs.h">
      <Filter>Header Files</Filter>
    </ClInclude>
    <ClInclude Include="libhfs.h">
      <Filter>Header Files</Filter>
    </ClInclude>
    <ClInclude Include="low.h">
      <Filter>Header Files</Filter>
    </ClInclude>
    <ClInclude Include="medium.h">
      <Filter>Header Files</Filter>
    </ClInclude>
    <ClInclude Include="node.h">
      <Filter>Header Files</Filter>
    </ClInclude>
    <ClInclude Include="os.h">
      <Filter>Header Files</Filter>
    </ClInclude>
    <ClInclude Include="record.h">
      <Filter>Header Files</Filter>
    </ClInclude>
    <ClInclude Include="version.h">
      <Filter>Header Files</Filter>
    </ClInclude>
    <ClInclude Include="volume.h">
      <Filter>Header Files</Filter>
    </ClInclude>
  </ItemGroup>
  <ItemGroup>
    <ClCompile Include="block.c">
      <Filter>Source Files</Filter>
    </ClCompile>
    <ClCompile Include="btree.c">
      <Filter>Source Files</Filter>
    </ClCompile>
    <ClCompile Include="data.c">
      <Filter>Source Files</Filter>
    </ClCompile>
    <ClCompile Include="file.c">
      <Filter>Source Files</Filter>
    </ClCompile>
    <ClCompile Include="hfs.c">
      <Filter>Source Files</Filter>
    </ClCompile>
    <ClCompile Include="low.c">
      <Filter>Source Files</Filter>
    </ClCompile>
    <ClCompile Include="medium.c">
      <Filter>Source Files</Filter>
    </ClCompile>
    <ClCompile Include="node.c">
      <Filter>Source Files</Filter>
    </ClCompile>
    <ClCompile Include="os.c">
      <Filter>Source Files</Filter>
    </ClCompile>
    <ClCompile Include="record.c">
      <Filter>Source Files</Filter>
    </ClCompile>
    <ClCompile Include="version.c">
      <Filter>Source Files</Filter>
    </ClCompile>
    <ClCompile Include="volume.c">
      <Filter>Source Files</Filter>
    </ClCompile>
  </ItemGroup>
</Project>