<?xml version="1.0" encoding="utf-8"?>
<Project ToolsVersion="4.0" xmlns="http://schemas.microsoft.com/developer/msbuild/2003">
  <ItemGroup>
    <Filter Include="Source Files">
      <UniqueIdentifier>{b6ac9831-b535-4474-a308-d3bf6fdf4488}</UniqueIdentifier>
      <Extensions>cpp;c;cxx;rc;def;r;odl;idl;hpj;bat</Extensions>
    </Filter>
    <Filter Include="Header Files">
      <UniqueIdentifier>{def4def1-c9b0-48b3-a80b-c137f7ebf9bd}</UniqueIdentifier>
      <Extensions>h;hpp;hxx;hm;inl</Extensions>
    </Filter>
    <Filter Include="Resource Files">
      <UniqueIdentifier>{ed4624b4-6280-4672-8e7f-e8aac6e178ef}</UniqueIdentifier>
      <Extensions>ico;cur;bmp;dlg;rc2;rct;bin;rgs;gif;jpg;jpeg;jpe</Extensions>
    </Filter>
  </ItemGroup>
  <ItemGroup>
    <ClInclude Include="CP_ntddscsi.h">
      <Filter>Header Files</Filter>
    </ClInclude>
    <ClInclude Include="CP_wnaspi32.h">
      <Filter>Header Files</Filter>
    </ClInclude>
    <ClInclude Include="DiskImg.h">
      <Filter>Header Files</Filter>
    </ClInclude>
    <ClInclude Include="DiskImgDetail.h">
      <Filter>Header Files</Filter>
    </ClInclude>
    <ClInclude Include="DiskImgPriv.h">
      <Filter>Header Files</Filter>
    </ClInclude>
    <ClInclude Include="GenericFD.h">
      <Filter>Header Files</Filter>
    </ClInclude>
    <ClInclude Include="SCSIDefs.h">
      <Filter>Header Files</Filter>
    </ClInclude>
    <ClInclude Include="SPTI.h">
      <Filter>Header Files</Filter>
    </ClInclude>
    <ClInclude Include="StdAfx.h">
      <Filter>Header Files</Filter>
    </ClInclude>
    <ClInclude Include="TwoImg.h">
      <Filter>Header Files</Filter>
    </ClInclude>
    <ClInclude Include="Win32BlockIO.h">
      <Filter>Header Files</Filter>
    </ClInclude>
    <ClInclude Include="Win32Extra.h">
      <Filter>Header Files</Filter>
    </ClInclude>
  </ItemGroup>
  <ItemGroup>
    <ClCompile Include="ASPI.cpp">
      <Filter>Source Files</Filter>
    </ClCompile>
    <ClCompile Include="CFFA.cpp">
      <Filter>Source Files</Filter>
    </ClCompile>
    <ClCompile Include="Container.cpp">
      <Filter>Source Files</Filter>
    </ClCompile>
    <ClCompile Include="CPM.cpp">
      <Filter>Source Files</Filter>
    </ClCompile>
    <ClCompile Include="DDD.cpp">
      <Filter>Source Files</Filter>
    </ClCompile>
    <ClCompile Include="DiskFS.cpp">
      <Filter>Source Files</Filter>
    </ClCompile>
    <ClCompile Include="DiskImg.cpp">
      <Filter>Source Files</Filter>
    </ClCompile>
    <ClCompile Include="DIUtil.cpp">
      <Filter>Source Files</Filter>
    </ClCompile>
    <ClCompile Include="DOS33.cpp">
      <Filter>Source Files</Filter>
    </ClCompile>
    <ClCompile Include="DOSImage.cpp">
      <Filter>Source Files</Filter>
    </ClCompile>
    <ClCompile Include="FAT.cpp">
      <Filter>Source Files</Filter>
    </ClCompile>
    <ClCompile Include="FDI.cpp">
      <Filter>Source Files</Filter>
    </ClCompile>
    <ClCompile Include="FocusDrive.cpp">
      <Filter>Source Files</Filter>
    </ClCompile>
    <ClCompile Include="GenericFD.cpp">
      <Filter>Source Files</Filter>
    </ClCompile>
    <ClCompile Include="Global.cpp">
      <Filter>Source Files</Filter>
    </ClCompile>
    <ClCompile Include="Gutenberg.cpp">
      <Filter>Source Files</Filter>
    </ClCompile>
    <ClCompile Include="HFS.cpp">
      <Filter>Source Files</Filter>
    </ClCompile>
    <ClCompile Include="ImageWrapper.cpp">
      <Filter>Source Files</Filter>
    </ClCompile>
    <ClCompile Include="MacPart.cpp">
      <Filter>Source Files</Filter>
    </ClCompile>
    <ClCompile Include="MicroDrive.cpp">
      <Filter>Source Files</Filter>
    </ClCompile>
    <ClCompile Include="Nibble.cpp">
      <Filter>Source Files</Filter>
    </ClCompile>
    <ClCompile Include="Nibble35.cpp">
      <Filter>Source Files</Filter>
    </ClCompile>
    <ClCompile Include="OuterWrapper.cpp">
      <Filter>Source Files</Filter>
    </ClCompile>
    <ClCompile Include="OzDOS.cpp">
      <Filter>Source Files</Filter>
    </ClCompile>
    <ClCompile Include="Pascal.cpp">
      <Filter>Source Files</Filter>
    </ClCompile>
    <ClCompile Include="ProDOS.cpp">
      <Filter>Source Files</Filter>
    </ClCompile>
    <ClCompile Include="RDOS.cpp">
      <Filter>Source Files</Filter>
    </ClCompile>
    <ClCompile Include="SPTI.cpp">
      <Filter>Source Files</Filter>
    </ClCompile>
    <ClCompile Include="TwoImg.cpp">
      <Filter>Source Files</Filter>
    </ClCompile>
    <ClCompile Include="UNIDOS.cpp">
      <Filter>Source Files</Filter>
    </ClCompile>
    <ClCompile Include="VolumeUsage.cpp">
      <Filter>Source Files</Filter>
    </ClCompile>
    <ClCompile Include="Win32BlockIO.cpp">
      <Filter>Source Files</Filter>
    </ClCompile>
    <ClCompile Include="StdAfx.cpp">
      <Filter>Source Files</Filter>
    </ClCompile>
  </ItemGroup>
</Project>